// !$*UTF8*$!
{
	archiveVersion = 1;
	classes = {
	};
	objectVersion = 46;
	objects = {

/* Begin PBXBuildFile section */
		D60336461F37E1D000DB036C /* AppDelegate.swift in Sources */ = {isa = PBXBuildFile; fileRef = D60336451F37E1D000DB036C /* AppDelegate.swift */; };
		D60336481F37E1D000DB036C /* ReceivingVC.swift in Sources */ = {isa = PBXBuildFile; fileRef = D60336471F37E1D000DB036C /* ReceivingVC.swift */; };
		D603364B1F37E1D000DB036C /* Main.storyboard in Resources */ = {isa = PBXBuildFile; fileRef = D60336491F37E1D000DB036C /* Main.storyboard */; };
		D603364D1F37E1D000DB036C /* Assets.xcassets in Resources */ = {isa = PBXBuildFile; fileRef = D603364C1F37E1D000DB036C /* Assets.xcassets */; };
		D60336501F37E1D000DB036C /* LaunchScreen.storyboard in Resources */ = {isa = PBXBuildFile; fileRef = D603364E1F37E1D000DB036C /* LaunchScreen.storyboard */; };
		D603365A1F37E36700DB036C /* SendingVC.swift in Sources */ = {isa = PBXBuildFile; fileRef = D60336591F37E36700DB036C /* SendingVC.swift */; };
/* End PBXBuildFile section */

/* Begin PBXFileReference section */
		D60336421F37E1CF00DB036C /* DelegateTryout.app */ = {isa = PBXFileReference; explicitFileType = wrapper.application; includeInIndex = 0; path = DelegateTryout.app; sourceTree = BUILT_PRODUCTS_DIR; };
		D60336451F37E1D000DB036C /* AppDelegate.swift */ = {isa = PBXFileReference; lastKnownFileType = sourcecode.swift; path = AppDelegate.swift; sourceTree = "<group>"; };
		D60336471F37E1D000DB036C /* ReceivingVC.swift */ = {isa = PBXFileReference; lastKnownFileType = sourcecode.swift; path = ReceivingVC.swift; sourceTree = "<group>"; };
		D603364A1F37E1D000DB036C /* Base */ = {isa = PBXFileReference; lastKnownFileType = file.storyboard; name = Base; path = Base.lproj/Main.storyboard; sourceTree = "<group>"; };
		D603364C1F37E1D000DB036C /* Assets.xcassets */ = {isa = PBXFileReference; lastKnownFileType = folder.assetcatalog; path = Assets.xcassets; sourceTree = "<group>"; };
		D603364F1F37E1D000DB036C /* Base */ = {isa = PBXFileReference; lastKnownFileType = file.storyboard; name = Base; path = Base.lproj/LaunchScreen.storyboard; sourceTree = "<group>"; };
		D60336511F37E1D000DB036C /* Info.plist */ = {isa = PBXFileReference; lastKnownFileType = text.plist.xml; path = Info.plist; sourceTree = "<group>"; };
		D60336591F37E36700DB036C /* SendingVC.swift */ = {isa = PBXFileReference; fileEncoding = 4; lastKnownFileType = sourcecode.swift; path = SendingVC.swift; sourceTree = "<group>"; };
/* End PBXFileReference section */

/* Begin PBXFrameworksBuildPhase section */
		D603363F1F37E1CF00DB036C /* Frameworks */ = {
			isa = PBXFrameworksBuildPhase;
			buildActionMask = 2147483647;
			files = (
			);
			runOnlyForDeploymentPostprocessing = 0;
		};
/* End PBXFrameworksBuildPhase section */

/* Begin PBXGroup section */
		D60336391F37E1CF00DB036C = {
			isa = PBXGroup;
			children = (
				D60336441F37E1CF00DB036C /* DelegateTryout */,
				D60336431F37E1CF00DB036C /* Products */,
			);
			sourceTree = "<group>";
		};
		D60336431F37E1CF00DB036C /* Products */ = {
			isa = PBXGroup;
			children = (
				D60336421F37E1CF00DB036C /* DelegateTryout.app */,
			);
			name = Products;
			sourceTree = "<group>";
		};
		D60336441F37E1CF00DB036C /* DelegateTryout */ = {
			isa = PBXGroup;
			children = (
				D60336451F37E1D000DB036C /* AppDelegate.swift */,
				D60336471F37E1D000DB036C /* ReceivingVC.swift */,
				D60336591F37E36700DB036C /* SendingVC.swift */,
				D60336491F37E1D000DB036C /* Main.storyboard */,
				D603364C1F37E1D000DB036C /* Assets.xcassets */,
				D603364E1F37E1D000DB036C /* LaunchScreen.storyboard */,
				D60336511F37E1D000DB036C /* Info.plist */,
			);
			path = DelegateTryout;
			sourceTree = "<group>";
		};
/* End PBXGroup section */

/* Begin PBXNativeTarget section */
		D60336411F37E1CF00DB036C /* DelegateTryout */ = {
			isa = PBXNativeTarget;
			buildConfigurationList = D60336541F37E1D000DB036C /* Build configuration list for PBXNativeTarget "DelegateTryout" */;
			buildPhases = (
				D603363E1F37E1CF00DB036C /* Sources */,
				D603363F1F37E1CF00DB036C /* Frameworks */,
				D60336401F37E1CF00DB036C /* Resources */,
			);
			buildRules = (
			);
			dependencies = (
			);
			name = DelegateTryout;
			productName = DelegateTryout;
			productReference = D60336421F37E1CF00DB036C /* DelegateTryout.app */;
			productType = "com.apple.product-type.application";
		};
/* End PBXNativeTarget section */

/* Begin PBXProject section */
		D603363A1F37E1CF00DB036C /* Project object */ = {
			isa = PBXProject;
			attributes = {
				LastSwiftUpdateCheck = 0820;
				LastUpgradeCheck = 0820;
				ORGANIZATIONNAME = interview;
				TargetAttributes = {
					D60336411F37E1CF00DB036C = {
						CreatedOnToolsVersion = 8.2.1;
						ProvisioningStyle = Automatic;
					};
				};
			};
			buildConfigurationList = D603363D1F37E1CF00DB036C /* Build configuration list for PBXProject "DelegateTryout" */;
			compatibilityVersion = "Xcode 3.2";
			developmentRegion = English;
			hasScannedForEncodings = 0;
			knownRegions = (
				en,
				Base,
			);
			mainGroup = D60336391F37E1CF00DB036C;
			productRefGroup = D60336431F37E1CF00DB036C /* Products */;
			projectDirPath = "";
			projectRoot = "";
			targets = (
				D60336411F37E1CF00DB036C /* DelegateTryout */,
			);
		};
/* End PBXProject section */

/* Begin PBXResourcesBuildPhase section */
		D60336401F37E1CF00DB036C /* Resources */ = {
			isa = PBXResourcesBuildPhase;
			buildActionMask = 2147483647;
			files = (
				D60336501F37E1D000DB036C /* LaunchScreen.storyboard in Resources */,
				D603364D1F37E1D000DB036C /* Assets.xcassets in Resources */,
				D603364B1F37E1D000DB036C /* Main.storyboard in Resources */,
			);
			runOnlyForDeploymentPostprocessing = 0;
		};
/* End PBXResourcesBuildPhase section */

/* Begin PBXSourcesBuildPhase section */
		D603363E1F37E1CF00DB036C /* Sources */ = {
			isa = PBXSourcesBuildPhase;
			buildActionMask = 2147483647;
			files = (
				D60336481F37E1D000DB036C /* ReceivingVC.swift in Sources */,
				D603365A1F37E36700DB036C /* SendingVC.swift in Sources */,
				D60336461F37E1D000DB036C /* AppDelegate.swift in Sources */,
			);
			runOnlyForDeploymentPostprocessing = 0;
		};
/* End PBXSourcesBuildPhase section */

/* Begin PBXVariantGroup section */
		D60336491F37E1D000DB036C /* Main.storyboard */ = {
			isa = PBXVariantGroup;
			children = (
				D603364A1F37E1D000DB036C /* Base */,
			);
			name = Main.storyboard;
			sourceTree = "<group>";
		};
		D603364E1F37E1D000DB036C /* LaunchScreen.storyboard */ = {
			isa = PBXVariantGroup;
			children = (
				D603364F1F37E1D000DB036C /* Base */,
			);
			name = LaunchScreen.storyboard;
			sourceTree = "<group>";
		};
/* End PBXVariantGroup section */

/* Begin XCBuildConfiguration section */
		D60336521F37E1D000DB036C /* Debug */ = {
			isa = XCBuildConfiguration;
			buildSettings = {
				ALWAYS_SEARCH_USER_PATHS = NO;
				CLANG_ANALYZER_NONNULL = YES;
				CLANG_CXX_LANGUAGE_STANDARD = "gnu++0x";
				CLANG_CXX_LIBRARY = "libc++";
				CLANG_ENABLE_MODULES = YES;
				CLANG_ENABLE_OBJC_ARC = YES;
				CLANG_WARN_BOOL_CONVERSION = YES;
				CLANG_WARN_CONSTANT_CONVERSION = YES;
				CLANG_WARN_DIRECT_OBJC_ISA_USAGE = YES_ERROR;
				CLANG_WARN_DOCUMENTATION_COMMENTS = YES;
				CLANG_WARN_EMPTY_BODY = YES;
				CLANG_WARN_ENUM_CONVERSION = YES;
				CLANG_WARN_INFINITE_RECURSION = YES;
				CLANG_WARN_INT_CONVERSION = YES;
				CLANG_WARN_OBJC_ROOT_CLASS = YES_ERROR;
				CLANG_WARN_SUSPICIOUS_MOVE = YES;
				CLANG_WARN_UNREACHABLE_CODE = YES;
				CLANG_WARN__DUPLICATE_METHOD_MATCH = YES;
				"CODE_SIGN_IDENTITY[sdk=iphoneos*]" = "iPhone Developer";
				COPY_PHASE_STRIP = NO;
				DEBUG_INFORMATION_FORMAT = dwarf;
				ENABLE_STRICT_OBJC_MSGSEND = YES;
				ENABLE_TESTABILITY = YES;
				GCC_C_LANGUAGE_STANDARD = gnu99;
				GCC_DYNAMIC_NO_PIC = NO;
				GCC_NO_COMMON_BLOCKS = YES;
				GCC_OPTIMIZATION_LEVEL = 0;
				GCC_PREPROCESSOR_DEFINITIONS = (
					"DEBUG=1",
					"$(inherited)",
				);
				GCC_WARN_64_TO_32_BIT_CONVERSION = YES;
				GCC_WARN_ABOUT_RETURN_TYPE = YES_ERROR;
				GCC_WARN_UNDECLARED_SELECTOR = YES;
				GCC_WARN_UNINITIALIZED_AUTOS = YES_AGGRESSIVE;
				GCC_WARN_UNUSED_FUNCTION = YES;
				GCC_WARN_UNUSED_VARIABLE = YES;
				IPHONEOS_DEPLOYMENT_TARGET = 10.2;
				MTL_ENABLE_DEBUG_INFO = YES;
				ONLY_ACTIVE_ARCH = YES;
				SDKROOT = iphoneos;
				SWIFT_ACTIVE_COMPILATION_CONDITIONS = DEBUG;
				SWIFT_OPTIMIZATION_LEVEL = "-Onone";
			};
			name = Debug;
		};
		D60336531F37E1D000DB036C /* Release */ = {
			isa = XCBuildConfiguration;
			buildSettings = {
				ALWAYS_SEARCH_USER_PATHS = NO;
				CLANG_ANALYZER_NONNULL = YES;
				CLANG_CXX_LANGUAGE_STANDARD = "gnu++0x";
				CLANG_CXX_LIBRARY = "libc++";
				CLANG_ENABLE_MODULES = YES;
				CLANG_ENABLE_OBJC_ARC = YES;
				CLANG_WARN_BOOL_CONVERSION = YES;
				CLANG_WARN_CONSTANT_CONVERSION = YES;
				CLANG_WARN_DIRECT_OBJC_ISA_USAGE = YES_ERROR;
				CLANG_WARN_DOCUMENTATION_COMMENTS = YES;
				CLANG_WARN_EMPTY_BODY = YES;
				CLANG_WARN_ENUM_CONVERSION = YES;
				CLANG_WARN_INFINITE_RECURSION = YES;
				CLANG_WARN_INT_CONVERSION = YES;
				CLANG_WARN_OBJC_ROOT_CLASS = YES_ERROR;
				CLANG_WARN_SUSPICIOUS_MOVE = YES;
				CLANG_WARN_UNREACHABLE_CODE = YES;
				CLANG_WARN__DUPLICATE_METHOD_MATCH = YES;
				"CODE_SIGN_IDENTITY[sdk=iphoneos*]" = "iPhone Developer";
				COPY_PHASE_STRIP = NO;
				DEBUG_INFORMATION_FORMAT = "dwarf-with-dsym";
				ENABLE_NS_ASSERTIONS = NO;
				ENABLE_STRICT_OBJC_MSGSEND = YES;
				GCC_C_LANGUAGE_STANDARD = gnu99;
				GCC_NO_COMMON_BLOCKS = YES;
				GCC_WARN_64_TO_32_BIT_CONVERSION = YES;
				GCC_WARN_ABOUT_RETURN_TYPE = YES_ERROR;
				GCC_WARN_UNDECLARED_SELECTOR = YES;
				GCC_WARN_UNINITIALIZED_AUTOS = YES_AGGRESSIVE;
				GCC_WARN_UNUSED_FUNCTION = YES;
				GCC_WARN_UNUSED_VARIABLE = YES;
				IPHONEOS_DEPLOYMENT_TARGET = 10.2;
				MTL_ENABLE_DEBUG_INFO = NO;
				SDKROOT = iphoneos;
				SWIFT_OPTIMIZATION_LEVEL = "-Owholemodule";
				VALIDATE_PRODUCT = YES;
			};
			name = Release;
		};
		D60336551F37E1D000DB036C /* Debug */ = {
			isa = XCBuildConfiguration;
			buildSettings = {
				ASSETCATALOG_COMPILER_APPICON_NAME = AppIcon;
				INFOPLIST_FILE = DelegateTryout/Info.plist;
				LD_RUNPATH_SEARCH_PATHS = "$(inherited) @executable_path/Frameworks";
				PRODUCT_BUNDLE_IDENTIFIER = com.interview.DelegateTryout;
				PRODUCT_NAME = "$(TARGET_NAME)";
				SWIFT_VERSION = 3.0;
			};
			name = Debug;
		};
		D60336561F37E1D000DB036C /* Release */ = {
			isa = XCBuildConfiguration;
			buildSettings = {
				ASSETCATALOG_COMPILER_APPICON_NAME = AppIcon;
				INFOPLIST_FILE = DelegateTryout/Info.plist;
				LD_RUNPATH_SEARCH_PATHS = "$(inherited) @executable_path/Frameworks";
				PRODUCT_BUNDLE_IDENTIFIER = com.interview.DelegateTryout;
				PRODUCT_NAME = "$(TARGET_NAME)";
				SWIFT_VERSION = 3.0;
			};
			name = Release;
		};
/* End XCBuildConfiguration section */

/* Begin XCConfigurationList section */
		D603363D1F37E1CF00DB036C /* Build configuration list for PBXProject "DelegateTryout" */ = {
			isa = XCConfigurationList;
			buildConfigurations = (
				D60336521F37E1D000DB036C /* Debug */,
				D60336531F37E1D000DB036C /* Release */,
			);
			defaultConfigurationIsVisible = 0;
			defaultConfigurationName = Release;
		};
		D60336541F37E1D000DB036C /* Build configuration list for PBXNativeTarget "DelegateTryout" */ = {
			isa = XCConfigurationList;
			buildConfigurations = (
				D60336551F37E1D000DB036C /* Debug */,
				D60336561F37E1D000DB036C /* Release */,
			);
			defaultConfigurationIsVisible = 0;
		};
/* End XCConfigurationList section */
	};
	rootObject = D603363A1F37E1CF00DB036C /* Project object */;
}
